// !$*UTF8*$!
{
	archiveVersion = 1;
	classes = {
	};
	objectVersion = 50;
	objects = {

/* Begin PBXBuildFile section */
		7181AFEE251A4E050012B706 /* AppDelegate.swift in Sources */ = {isa = PBXBuildFile; fileRef = 7181AFED251A4E050012B706 /* AppDelegate.swift */; };
		7181AFF0251A4E050012B706 /* SceneDelegate.swift in Sources */ = {isa = PBXBuildFile; fileRef = 7181AFEF251A4E050012B706 /* SceneDelegate.swift */; };
		7181AFF2251A4E050012B706 /* ViewController.swift in Sources */ = {isa = PBXBuildFile; fileRef = 7181AFF1251A4E050012B706 /* ViewController.swift */; };
		7181AFF5251A4E050012B706 /* Main.storyboard in Resources */ = {isa = PBXBuildFile; fileRef = 7181AFF3251A4E050012B706 /* Main.storyboard */; };
		7181AFF7251A4E060012B706 /* Assets.xcassets in Resources */ = {isa = PBXBuildFile; fileRef = 7181AFF6251A4E060012B706 /* Assets.xcassets */; };
		7181AFFA251A4E060012B706 /* LaunchScreen.storyboard in Resources */ = {isa = PBXBuildFile; fileRef = 7181AFF8251A4E060012B706 /* LaunchScreen.storyboard */; };
		7181B005251A4E060012B706 /* BullsEyeTests.swift in Sources */ = {isa = PBXBuildFile; fileRef = 7181B004251A4E060012B706 /* BullsEyeTests.swift */; };
		7181B010251A4E060012B706 /* BullsEyeUITests.swift in Sources */ = {isa = PBXBuildFile; fileRef = 7181B00F251A4E060012B706 /* BullsEyeUITests.swift */; };
		7181B024251B2FE80012B706 /* AboutViewController.swift in Sources */ = {isa = PBXBuildFile; fileRef = 7181B023251B2FE80012B706 /* AboutViewController.swift */; };
		7181B029251B50990012B706 /* AboutAuthorViewController.swift in Sources */ = {isa = PBXBuildFile; fileRef = 7181B028251B50990012B706 /* AboutAuthorViewController.swift */; };
		7181B03A251B7B590012B706 /* WebKit.framework in Frameworks */ = {isa = PBXBuildFile; fileRef = 7181B039251B7B590012B706 /* WebKit.framework */; };
		7181B03F251B81C90012B706 /* BullsEye.html in Resources */ = {isa = PBXBuildFile; fileRef = 7181B03E251B81C90012B706 /* BullsEye.html */; };
/* End PBXBuildFile section */

/* Begin PBXContainerItemProxy section */
		7181B001251A4E060012B706 /* PBXContainerItemProxy */ = {
			isa = PBXContainerItemProxy;
			containerPortal = 7181AFE2251A4E050012B706 /* Project object */;
			proxyType = 1;
			remoteGlobalIDString = 7181AFE9251A4E050012B706;
			remoteInfo = BullsEye;
		};
		7181B00C251A4E060012B706 /* PBXContainerItemProxy */ = {
			isa = PBXContainerItemProxy;
			containerPortal = 7181AFE2251A4E050012B706 /* Project object */;
			proxyType = 1;
			remoteGlobalIDString = 7181AFE9251A4E050012B706;
			remoteInfo = BullsEye;
		};
/* End PBXContainerItemProxy section */

/* Begin PBXFileReference section */
		7181AFEA251A4E050012B706 /* BullsEye.app */ = {isa = PBXFileReference; explicitFileType = wrapper.application; includeInIndex = 0; path = BullsEye.app; sourceTree = BUILT_PRODUCTS_DIR; };
		7181AFED251A4E050012B706 /* AppDelegate.swift */ = {isa = PBXFileReference; lastKnownFileType = sourcecode.swift; path = AppDelegate.swift; sourceTree = "<group>"; };
		7181AFEF251A4E050012B706 /* SceneDelegate.swift */ = {isa = PBXFileReference; lastKnownFileType = sourcecode.swift; path = SceneDelegate.swift; sourceTree = "<group>"; };
		7181AFF1251A4E050012B706 /* ViewController.swift */ = {isa = PBXFileReference; lastKnownFileType = sourcecode.swift; path = ViewController.swift; sourceTree = "<group>"; };
		7181AFF4251A4E050012B706 /* Base */ = {isa = PBXFileReference; lastKnownFileType = file.storyboard; name = Base; path = Base.lproj/Main.storyboard; sourceTree = "<group>"; };
		7181AFF6251A4E060012B706 /* Assets.xcassets */ = {isa = PBXFileReference; lastKnownFileType = folder.assetcatalog; path = Assets.xcassets; sourceTree = "<group>"; };
		7181AFF9251A4E060012B706 /* Base */ = {isa = PBXFileReference; lastKnownFileType = file.storyboard; name = Base; path = Base.lproj/LaunchScreen.storyboard; sourceTree = "<group>"; };
		7181AFFB251A4E060012B706 /* Info.plist */ = {isa = PBXFileReference; lastKnownFileType = text.plist.xml; path = Info.plist; sourceTree = "<group>"; };
		7181B000251A4E060012B706 /* BullsEyeTests.xctest */ = {isa = PBXFileReference; explicitFileType = wrapper.cfbundle; includeInIndex = 0; path = BullsEyeTests.xctest; sourceTree = BUILT_PRODUCTS_DIR; };
		7181B004251A4E060012B706 /* BullsEyeTests.swift */ = {isa = PBXFileReference; lastKnownFileType = sourcecode.swift; path = BullsEyeTests.swift; sourceTree = "<group>"; };
		7181B006251A4E060012B706 /* Info.plist */ = {isa = PBXFileReference; lastKnownFileType = text.plist.xml; path = Info.plist; sourceTree = "<group>"; };
		7181B00B251A4E060012B706 /* BullsEyeUITests.xctest */ = {isa = PBXFileReference; explicitFileType = wrapper.cfbundle; includeInIndex = 0; path = BullsEyeUITests.xctest; sourceTree = BUILT_PRODUCTS_DIR; };
		7181B00F251A4E060012B706 /* BullsEyeUITests.swift */ = {isa = PBXFileReference; lastKnownFileType = sourcecode.swift; path = BullsEyeUITests.swift; sourceTree = "<group>"; };
		7181B011251A4E060012B706 /* Info.plist */ = {isa = PBXFileReference; lastKnownFileType = text.plist.xml; path = Info.plist; sourceTree = "<group>"; };
		7181B023251B2FE80012B706 /* AboutViewController.swift */ = {isa = PBXFileReference; lastKnownFileType = sourcecode.swift; path = AboutViewController.swift; sourceTree = "<group>"; };
		7181B028251B50990012B706 /* AboutAuthorViewController.swift */ = {isa = PBXFileReference; lastKnownFileType = sourcecode.swift; path = AboutAuthorViewController.swift; sourceTree = "<group>"; };
		7181B039251B7B590012B706 /* WebKit.framework */ = {isa = PBXFileReference; lastKnownFileType = wrapper.framework; name = WebKit.framework; path = System/Library/Frameworks/WebKit.framework; sourceTree = SDKROOT; };
		7181B03E251B81C90012B706 /* BullsEye.html */ = {isa = PBXFileReference; fileEncoding = 4; lastKnownFileType = text.html; path = BullsEye.html; sourceTree = "<group>"; };
/* End PBXFileReference section */

/* Begin PBXFrameworksBuildPhase section */
		7181AFE7251A4E050012B706 /* Frameworks */ = {
			isa = PBXFrameworksBuildPhase;
			buildActionMask = 2147483647;
			files = (
				7181B03A251B7B590012B706 /* WebKit.framework in Frameworks */,
			);
			runOnlyForDeploymentPostprocessing = 0;
		};
		7181AFFD251A4E060012B706 /* Frameworks */ = {
			isa = PBXFrameworksBuildPhase;
			buildActionMask = 2147483647;
			files = (
			);
			runOnlyForDeploymentPostprocessing = 0;
		};
		7181B008251A4E060012B706 /* Frameworks */ = {
			isa = PBXFrameworksBuildPhase;
			buildActionMask = 2147483647;
			files = (
			);
			runOnlyForDeploymentPostprocessing = 0;
		};
/* End PBXFrameworksBuildPhase section */

/* Begin PBXGroup section */
		7181AFE1251A4E050012B706 = {
			isa = PBXGroup;
			children = (
				7181AFEC251A4E050012B706 /* BullsEye */,
				7181B003251A4E060012B706 /* BullsEyeTests */,
				7181B00E251A4E060012B706 /* BullsEyeUITests */,
				7181AFEB251A4E050012B706 /* Products */,
				7181B038251B7B590012B706 /* Frameworks */,
			);
			sourceTree = "<group>";
		};
		7181AFEB251A4E050012B706 /* Products */ = {
			isa = PBXGroup;
			children = (
				7181AFEA251A4E050012B706 /* BullsEye.app */,
				7181B000251A4E060012B706 /* BullsEyeTests.xctest */,
				7181B00B251A4E060012B706 /* BullsEyeUITests.xctest */,
			);
			name = Products;
			sourceTree = "<group>";
		};
		7181AFEC251A4E050012B706 /* BullsEye */ = {
			isa = PBXGroup;
			children = (
				7181AFED251A4E050012B706 /* AppDelegate.swift */,
				7181AFEF251A4E050012B706 /* SceneDelegate.swift */,
				7181AFF1251A4E050012B706 /* ViewController.swift */,
				7181B023251B2FE80012B706 /* AboutViewController.swift */,
				7181AFF3251A4E050012B706 /* Main.storyboard */,
				7181AFF6251A4E060012B706 /* Assets.xcassets */,
				7181AFF8251A4E060012B706 /* LaunchScreen.storyboard */,
				7181AFFB251A4E060012B706 /* Info.plist */,
				7181B028251B50990012B706 /* AboutAuthorViewController.swift */,
				7181B03E251B81C90012B706 /* BullsEye.html */,
			);
			path = BullsEye;
			sourceTree = "<group>";
		};
		7181B003251A4E060012B706 /* BullsEyeTests */ = {
			isa = PBXGroup;
			children = (
				7181B004251A4E060012B706 /* BullsEyeTests.swift */,
				7181B006251A4E060012B706 /* Info.plist */,
			);
			path = BullsEyeTests;
			sourceTree = "<group>";
		};
		7181B00E251A4E060012B706 /* BullsEyeUITests */ = {
			isa = PBXGroup;
			children = (
				7181B00F251A4E060012B706 /* BullsEyeUITests.swift */,
				7181B011251A4E060012B706 /* Info.plist */,
			);
			path = BullsEyeUITests;
			sourceTree = "<group>";
		};
		7181B038251B7B590012B706 /* Frameworks */ = {
			isa = PBXGroup;
			children = (
				7181B039251B7B590012B706 /* WebKit.framework */,
			);
			name = Frameworks;
			sourceTree = "<group>";
		};
/* End PBXGroup section */

/* Begin PBXNativeTarget section */
		7181AFE9251A4E050012B706 /* BullsEye */ = {
			isa = PBXNativeTarget;
			buildConfigurationList = 7181B014251A4E060012B706 /* Build configuration list for PBXNativeTarget "BullsEye" */;
			buildPhases = (
				7181AFE6251A4E050012B706 /* Sources */,
				7181AFE7251A4E050012B706 /* Frameworks */,
				7181AFE8251A4E050012B706 /* Resources */,
			);
			buildRules = (
			);
			dependencies = (
			);
			name = BullsEye;
			productName = BullsEye;
			productReference = 7181AFEA251A4E050012B706 /* BullsEye.app */;
			productType = "com.apple.product-type.application";
		};
		7181AFFF251A4E060012B706 /* BullsEyeTests */ = {
			isa = PBXNativeTarget;
			buildConfigurationList = 7181B017251A4E060012B706 /* Build configuration list for PBXNativeTarget "BullsEyeTests" */;
			buildPhases = (
				7181AFFC251A4E060012B706 /* Sources */,
				7181AFFD251A4E060012B706 /* Frameworks */,
				7181AFFE251A4E060012B706 /* Resources */,
			);
			buildRules = (
			);
			dependencies = (
				7181B002251A4E060012B706 /* PBXTargetDependency */,
			);
			name = BullsEyeTests;
			productName = BullsEyeTests;
			productReference = 7181B000251A4E060012B706 /* BullsEyeTests.xctest */;
			productType = "com.apple.product-type.bundle.unit-test";
		};
		7181B00A251A4E060012B706 /* BullsEyeUITests */ = {
			isa = PBXNativeTarget;
			buildConfigurationList = 7181B01A251A4E060012B706 /* Build configuration list for PBXNativeTarget "BullsEyeUITests" */;
			buildPhases = (
				7181B007251A4E060012B706 /* Sources */,
				7181B008251A4E060012B706 /* Frameworks */,
				7181B009251A4E060012B706 /* Resources */,
			);
			buildRules = (
			);
			dependencies = (
				7181B00D251A4E060012B706 /* PBXTargetDependency */,
			);
			name = BullsEyeUITests;
			productName = BullsEyeUITests;
			productReference = 7181B00B251A4E060012B706 /* BullsEyeUITests.xctest */;
			productType = "com.apple.product-type.bundle.ui-testing";
		};
/* End PBXNativeTarget section */

/* Begin PBXProject section */
		7181AFE2251A4E050012B706 /* Project object */ = {
			isa = PBXProject;
			attributes = {
				LastSwiftUpdateCheck = 1200;
				LastUpgradeCheck = 1200;
				TargetAttributes = {
					7181AFE9251A4E050012B706 = {
						CreatedOnToolsVersion = 12.0;
					};
					7181AFFF251A4E060012B706 = {
						CreatedOnToolsVersion = 12.0;
						TestTargetID = 7181AFE9251A4E050012B706;
					};
					7181B00A251A4E060012B706 = {
						CreatedOnToolsVersion = 12.0;
						TestTargetID = 7181AFE9251A4E050012B706;
					};
				};
			};
			buildConfigurationList = 7181AFE5251A4E050012B706 /* Build configuration list for PBXProject "BullsEye" */;
			compatibilityVersion = "Xcode 9.3";
			developmentRegion = en;
			hasScannedForEncodings = 0;
			knownRegions = (
				en,
				Base,
			);
			mainGroup = 7181AFE1251A4E050012B706;
			productRefGroup = 7181AFEB251A4E050012B706 /* Products */;
			projectDirPath = "";
			projectRoot = "";
			targets = (
				7181AFE9251A4E050012B706 /* BullsEye */,
				7181AFFF251A4E060012B706 /* BullsEyeTests */,
				7181B00A251A4E060012B706 /* BullsEyeUITests */,
			);
		};
/* End PBXProject section */

/* Begin PBXResourcesBuildPhase section */
		7181AFE8251A4E050012B706 /* Resources */ = {
			isa = PBXResourcesBuildPhase;
			buildActionMask = 2147483647;
			files = (
				7181AFFA251A4E060012B706 /* LaunchScreen.storyboard in Resources */,
				7181B03F251B81C90012B706 /* BullsEye.html in Resources */,
				7181AFF7251A4E060012B706 /* Assets.xcassets in Resources */,
				7181AFF5251A4E050012B706 /* Main.storyboard in Resources */,
			);
			runOnlyForDeploymentPostprocessing = 0;
		};
		7181AFFE251A4E060012B706 /* Resources */ = {
			isa = PBXResourcesBuildPhase;
			buildActionMask = 2147483647;
			files = (
			);
			runOnlyForDeploymentPostprocessing = 0;
		};
		7181B009251A4E060012B706 /* Resources */ = {
			isa = PBXResourcesBuildPhase;
			buildActionMask = 2147483647;
			files = (
			);
			runOnlyForDeploymentPostprocessing = 0;
		};
/* End PBXResourcesBuildPhase section */

/* Begin PBXSourcesBuildPhase section */
		7181AFE6251A4E050012B706 /* Sources */ = {
			isa = PBXSourcesBuildPhase;
			buildActionMask = 2147483647;
			files = (
				7181AFF2251A4E050012B706 /* ViewController.swift in Sources */,
				7181AFEE251A4E050012B706 /* AppDelegate.swift in Sources */,
				7181B024251B2FE80012B706 /* AboutViewController.swift in Sources */,
				7181AFF0251A4E050012B706 /* SceneDelegate.swift in Sources */,
				7181B029251B50990012B706 /* AboutAuthorViewController.swift in Sources */,
			);
			runOnlyForDeploymentPostprocessing = 0;
		};
		7181AFFC251A4E060012B706 /* Sources */ = {
			isa = PBXSourcesBuildPhase;
			buildActionMask = 2147483647;
			files = (
				7181B005251A4E060012B706 /* BullsEyeTests.swift in Sources */,
			);
			runOnlyForDeploymentPostprocessing = 0;
		};
		7181B007251A4E060012B706 /* Sources */ = {
			isa = PBXSourcesBuildPhase;
			buildActionMask = 2147483647;
			files = (
				7181B010251A4E060012B706 /* BullsEyeUITests.swift in Sources */,
			);
			runOnlyForDeploymentPostprocessing = 0;
		};
/* End PBXSourcesBuildPhase section */

/* Begin PBXTargetDependency section */
		7181B002251A4E060012B706 /* PBXTargetDependency */ = {
			isa = PBXTargetDependency;
			target = 7181AFE9251A4E050012B706 /* BullsEye */;
			targetProxy = 7181B001251A4E060012B706 /* PBXContainerItemProxy */;
		};
		7181B00D251A4E060012B706 /* PBXTargetDependency */ = {
			isa = PBXTargetDependency;
			target = 7181AFE9251A4E050012B706 /* BullsEye */;
			targetProxy = 7181B00C251A4E060012B706 /* PBXContainerItemProxy */;
		};
/* End PBXTargetDependency section */

/* Begin PBXVariantGroup section */
		7181AFF3251A4E050012B706 /* Main.storyboard */ = {
			isa = PBXVariantGroup;
			children = (
				7181AFF4251A4E050012B706 /* Base */,
			);
			name = Main.storyboard;
			sourceTree = "<group>";
		};
		7181AFF8251A4E060012B706 /* LaunchScreen.storyboard */ = {
			isa = PBXVariantGroup;
			children = (
				7181AFF9251A4E060012B706 /* Base */,
			);
			name = LaunchScreen.storyboard;
			sourceTree = "<group>";
		};
/* End PBXVariantGroup section */

/* Begin XCBuildConfiguration section */
		7181B012251A4E060012B706 /* Debug */ = {
			isa = XCBuildConfiguration;
			buildSettings = {
				ALWAYS_SEARCH_USER_PATHS = NO;
				CLANG_ANALYZER_NONNULL = YES;
				CLANG_ANALYZER_NUMBER_OBJECT_CONVERSION = YES_AGGRESSIVE;
				CLANG_CXX_LANGUAGE_STANDARD = "gnu++14";
				CLANG_CXX_LIBRARY = "libc++";
				CLANG_ENABLE_MODULES = YES;
				CLANG_ENABLE_OBJC_ARC = YES;
				CLANG_ENABLE_OBJC_WEAK = YES;
				CLANG_WARN_BLOCK_CAPTURE_AUTORELEASING = YES;
				CLANG_WARN_BOOL_CONVERSION = YES;
				CLANG_WARN_COMMA = YES;
				CLANG_WARN_CONSTANT_CONVERSION = YES;
				CLANG_WARN_DEPRECATED_OBJC_IMPLEMENTATIONS = YES;
				CLANG_WARN_DIRECT_OBJC_ISA_USAGE = YES_ERROR;
				CLANG_WARN_DOCUMENTATION_COMMENTS = YES;
				CLANG_WARN_EMPTY_BODY = YES;
				CLANG_WARN_ENUM_CONVERSION = YES;
				CLANG_WARN_INFINITE_RECURSION = YES;
				CLANG_WARN_INT_CONVERSION = YES;
				CLANG_WARN_NON_LITERAL_NULL_CONVERSION = YES;
				CLANG_WARN_OBJC_IMPLICIT_RETAIN_SELF = YES;
				CLANG_WARN_OBJC_LITERAL_CONVERSION = YES;
				CLANG_WARN_OBJC_ROOT_CLASS = YES_ERROR;
				CLANG_WARN_QUOTED_INCLUDE_IN_FRAMEWORK_HEADER = YES;
				CLANG_WARN_RANGE_LOOP_ANALYSIS = YES;
				CLANG_WARN_STRICT_PROTOTYPES = YES;
				CLANG_WARN_SUSPICIOUS_MOVE = YES;
				CLANG_WARN_UNGUARDED_AVAILABILITY = YES_AGGRESSIVE;
				CLANG_WARN_UNREACHABLE_CODE = YES;
				CLANG_WARN__DUPLICATE_METHOD_MATCH = YES;
				COPY_PHASE_STRIP = NO;
				DEBUG_INFORMATION_FORMAT = dwarf;
				ENABLE_STRICT_OBJC_MSGSEND = YES;
				ENABLE_TESTABILITY = YES;
				GCC_C_LANGUAGE_STANDARD = gnu11;
				GCC_DYNAMIC_NO_PIC = NO;
				GCC_NO_COMMON_BLOCKS = YES;
				GCC_OPTIMIZATION_LEVEL = 0;
				GCC_PREPROCESSOR_DEFINITIONS = (
					"DEBUG=1",
					"$(inherited)",
				);
				GCC_WARN_64_TO_32_BIT_CONVERSION = YES;
				GCC_WARN_ABOUT_RETURN_TYPE = YES_ERROR;
				GCC_WARN_UNDECLARED_SELECTOR = YES;
				GCC_WARN_UNINITIALIZED_AUTOS = YES_AGGRESSIVE;
				GCC_WARN_UNUSED_FUNCTION = YES;
				GCC_WARN_UNUSED_VARIABLE = YES;
				IPHONEOS_DEPLOYMENT_TARGET = 14.0;
				MTL_ENABLE_DEBUG_INFO = INCLUDE_SOURCE;
				MTL_FAST_MATH = YES;
				ONLY_ACTIVE_ARCH = YES;
				SDKROOT = iphoneos;
				SWIFT_ACTIVE_COMPILATION_CONDITIONS = DEBUG;
				SWIFT_OPTIMIZATION_LEVEL = "-Onone";
			};
			name = Debug;
		};
		7181B013251A4E060012B706 /* Release */ = {
			isa = XCBuildConfiguration;
			buildSettings = {
				ALWAYS_SEARCH_USER_PATHS = NO;
				CLANG_ANALYZER_NONNULL = YES;
				CLANG_ANALYZER_NUMBER_OBJECT_CONVERSION = YES_AGGRESSIVE;
				CLANG_CXX_LANGUAGE_STANDARD = "gnu++14";
				CLANG_CXX_LIBRARY = "libc++";
				CLANG_ENABLE_MODULES = YES;
				CLANG_ENABLE_OBJC_ARC = YES;
				CLANG_ENABLE_OBJC_WEAK = YES;
				CLANG_WARN_BLOCK_CAPTURE_AUTORELEASING = YES;
				CLANG_WARN_BOOL_CONVERSION = YES;
				CLANG_WARN_COMMA = YES;
				CLANG_WARN_CONSTANT_CONVERSION = YES;
				CLANG_WARN_DEPRECATED_OBJC_IMPLEMENTATIONS = YES;
				CLANG_WARN_DIRECT_OBJC_ISA_USAGE = YES_ERROR;
				CLANG_WARN_DOCUMENTATION_COMMENTS = YES;
				CLANG_WARN_EMPTY_BODY = YES;
				CLANG_WARN_ENUM_CONVERSION = YES;
				CLANG_WARN_INFINITE_RECURSION = YES;
				CLANG_WARN_INT_CONVERSION = YES;
				CLANG_WARN_NON_LITERAL_NULL_CONVERSION = YES;
				CLANG_WARN_OBJC_IMPLICIT_RETAIN_SELF = YES;
				CLANG_WARN_OBJC_LITERAL_CONVERSION = YES;
				CLANG_WARN_OBJC_ROOT_CLASS = YES_ERROR;
				CLANG_WARN_QUOTED_INCLUDE_IN_FRAMEWORK_HEADER = YES;
				CLANG_WARN_RANGE_LOOP_ANALYSIS = YES;
				CLANG_WARN_STRICT_PROTOTYPES = YES;
				CLANG_WARN_SUSPICIOUS_MOVE = YES;
				CLANG_WARN_UNGUARDED_AVAILABILITY = YES_AGGRESSIVE;
				CLANG_WARN_UNREACHABLE_CODE = YES;
				CLANG_WARN__DUPLICATE_METHOD_MATCH = YES;
				COPY_PHASE_STRIP = NO;
				DEBUG_INFORMATION_FORMAT = "dwarf-with-dsym";
				ENABLE_NS_ASSERTIONS = NO;
				ENABLE_STRICT_OBJC_MSGSEND = YES;
				GCC_C_LANGUAGE_STANDARD = gnu11;
				GCC_NO_COMMON_BLOCKS = YES;
				GCC_WARN_64_TO_32_BIT_CONVERSION = YES;
				GCC_WARN_ABOUT_RETURN_TYPE = YES_ERROR;
				GCC_WARN_UNDECLARED_SELECTOR = YES;
				GCC_WARN_UNINITIALIZED_AUTOS = YES_AGGRESSIVE;
				GCC_WARN_UNUSED_FUNCTION = YES;
				GCC_WARN_UNUSED_VARIABLE = YES;
				IPHONEOS_DEPLOYMENT_TARGET = 14.0;
				MTL_ENABLE_DEBUG_INFO = NO;
				MTL_FAST_MATH = YES;
				SDKROOT = iphoneos;
				SWIFT_COMPILATION_MODE = wholemodule;
				SWIFT_OPTIMIZATION_LEVEL = "-O";
				VALIDATE_PRODUCT = YES;
			};
			name = Release;
		};
		7181B015251A4E060012B706 /* Debug */ = {
			isa = XCBuildConfiguration;
			buildSettings = {
				ASSETCATALOG_COMPILER_APPICON_NAME = AppIcon;
				ASSETCATALOG_COMPILER_GLOBAL_ACCENT_COLOR_NAME = AccentColor;
				CODE_SIGN_STYLE = Automatic;
				INFOPLIST_FILE = BullsEye/Info.plist;
				LD_RUNPATH_SEARCH_PATHS = (
					"$(inherited)",
					"@executable_path/Frameworks",
				);
				PRODUCT_BUNDLE_IDENTIFIER = com.phonepe.BullsEye;
				PRODUCT_NAME = "$(TARGET_NAME)";
				SWIFT_VERSION = 5.0;
				TARGETED_DEVICE_FAMILY = "1,2";
			};
			name = Debug;
		};
		7181B016251A4E060012B706 /* Release */ = {
			isa = XCBuildConfiguration;
			buildSettings = {
				ASSETCATALOG_COMPILER_APPICON_NAME = AppIcon;
				ASSETCATALOG_COMPILER_GLOBAL_ACCENT_COLOR_NAME = AccentColor;
				CODE_SIGN_STYLE = Automatic;
				INFOPLIST_FILE = BullsEye/Info.plist;
				LD_RUNPATH_SEARCH_PATHS = (
					"$(inherited)",
					"@executable_path/Frameworks",
				);
				PRODUCT_BUNDLE_IDENTIFIER = com.phonepe.BullsEye;
				PRODUCT_NAME = "$(TARGET_NAME)";
				SWIFT_VERSION = 5.0;
				TARGETED_DEVICE_FAMILY = "1,2";
			};
			name = Release;
		};
		7181B018251A4E060012B706 /* Debug */ = {
			isa = XCBuildConfiguration;
			buildSettings = {
				ALWAYS_EMBED_SWIFT_STANDARD_LIBRARIES = YES;
				BUNDLE_LOADER = "$(TEST_HOST)";
				CODE_SIGN_STYLE = Automatic;
				INFOPLIST_FILE = BullsEyeTests/Info.plist;
				IPHONEOS_DEPLOYMENT_TARGET = 14.0;
				LD_RUNPATH_SEARCH_PATHS = (
					"$(inherited)",
					"@executable_path/Frameworks",
					"@loader_path/Frameworks",
				);
				PRODUCT_BUNDLE_IDENTIFIER = com.phonepe.BullsEyeTests;
				PRODUCT_NAME = "$(TARGET_NAME)";
				SWIFT_VERSION = 5.0;
				TARGETED_DEVICE_FAMILY = "1,2";
				TEST_HOST = "$(BUILT_PRODUCTS_DIR)/BullsEye.app/BullsEye";
			};
			name = Debug;
		};
		7181B019251A4E060012B706 /* Release */ = {
			isa = XCBuildConfiguration;
			buildSettings = {
				ALWAYS_EMBED_SWIFT_STANDARD_LIBRARIES = YES;
				BUNDLE_LOADER = "$(TEST_HOST)";
				CODE_SIGN_STYLE = Automatic;
				INFOPLIST_FILE = BullsEyeTests/Info.plist;
				IPHONEOS_DEPLOYMENT_TARGET = 14.0;
				LD_RUNPATH_SEARCH_PATHS = (
					"$(inherited)",
					"@executable_path/Frameworks",
					"@loader_path/Frameworks",
				);
				PRODUCT_BUNDLE_IDENTIFIER = com.phonepe.BullsEyeTests;
				PRODUCT_NAME = "$(TARGET_NAME)";
				SWIFT_VERSION = 5.0;
				TARGETED_DEVICE_FAMILY = "1,2";
				TEST_HOST = "$(BUILT_PRODUCTS_DIR)/BullsEye.app/BullsEye";
			};
			name = Release;
		};
		7181B01B251A4E060012B706 /* Debug */ = {
			isa = XCBuildConfiguration;
			buildSettings = {
				ALWAYS_EMBED_SWIFT_STANDARD_LIBRARIES = YES;
				CODE_SIGN_STYLE = Automatic;
				INFOPLIST_FILE = BullsEyeUITests/Info.plist;
				LD_RUNPATH_SEARCH_PATHS = (
					"$(inherited)",
					"@executable_path/Frameworks",
					"@loader_path/Frameworks",
				);
				PRODUCT_BUNDLE_IDENTIFIER = com.phonepe.BullsEyeUITests;
				PRODUCT_NAME = "$(TARGET_NAME)";
				SWIFT_VERSION = 5.0;
				TARGETED_DEVICE_FAMILY = "1,2";
				TEST_TARGET_NAME = BullsEye;
			};
			name = Debug;
		};
		7181B01C251A4E060012B706 /* Release */ = {
			isa = XCBuildConfiguration;
			buildSettings = {
				ALWAYS_EMBED_SWIFT_STANDARD_LIBRARIES = YES;
				CODE_SIGN_STYLE = Automatic;
				INFOPLIST_FILE = BullsEyeUITests/Info.plist;
				LD_RUNPATH_SEARCH_PATHS = (
					"$(inherited)",
					"@executable_path/Frameworks",
					"@loader_path/Frameworks",
				);
				PRODUCT_BUNDLE_IDENTIFIER = com.phonepe.BullsEyeUITests;
				PRODUCT_NAME = "$(TARGET_NAME)";
				SWIFT_VERSION = 5.0;
				TARGETED_DEVICE_FAMILY = "1,2";
				TEST_TARGET_NAME = BullsEye;
			};
			name = Release;
		};
/* End XCBuildConfiguration section */

/* Begin XCConfigurationList section */
		7181AFE5251A4E050012B706 /* Build configuration list for PBXProject "BullsEye" */ = {
			isa = XCConfigurationList;
			buildConfigurations = (
				7181B012251A4E060012B706 /* Debug */,
				7181B013251A4E060012B706 /* Release */,
			);
			defaultConfigurationIsVisible = 0;
			defaultConfigurationName = Release;
		};
		7181B014251A4E060012B706 /* Build configuration list for PBXNativeTarget "BullsEye" */ = {
			isa = XCConfigurationList;
			buildConfigurations = (
				7181B015251A4E060012B706 /* Debug */,
				7181B016251A4E060012B706 /* Release */,
			);
			defaultConfigurationIsVisible = 0;
			defaultConfigurationName = Release;
		};
		7181B017251A4E060012B706 /* Build configuration list for PBXNativeTarget "BullsEyeTests" */ = {
			isa = XCConfigurationList;
			buildConfigurations = (
				7181B018251A4E060012B706 /* Debug */,
				7181B019251A4E060012B706 /* Release */,
			);
			defaultConfigurationIsVisible = 0;
			defaultConfigurationName = Release;
		};
		7181B01A251A4E060012B706 /* Build configuration list for PBXNativeTarget "BullsEyeUITests" */ = {
			isa = XCConfigurationList;
			buildConfigurations = (
				7181B01B251A4E060012B706 /* Debug */,
				7181B01C251A4E060012B706 /* Release */,
			);
			defaultConfigurationIsVisible = 0;
			defaultConfigurationName = Release;
		};
/* End XCConfigurationList section */
	};
	rootObject = 7181AFE2251A4E050012B706 /* Project object */;
}
